
Microsoft Visual Studio Solution File, Format Version 12.00
# Visual Studio Version 16
VisualStudioVersion = 16.0.30011.22
MinimumVisualStudioVersion = 10.0.40219.1
Project("{FAE04EC0-301F-11D3-BF4B-00C04F79EFBC}") = "Stabil Profil", "Stabil Profil\Stabil Profil.csproj", "{558D3FF9-06DF-4610-B048-6093DA07D064}"
EndProject
Global
	GlobalSection(SolutionConfigurationPlatforms) = preSolution
		Debug|Any CPU = Debug|Any CPU
		Release|Any CPU = Release|Any CPU
	EndGlobalSection
	GlobalSection(ProjectConfigurationPlatforms) = postSolution
		{558D3FF9-06DF-4610-B048-6093DA07D064}.Debug|Any CPU.ActiveCfg = Debug|Any CPU
		{558D3FF9-06DF-4610-B048-6093DA07D064}.Debug|Any CPU.Build.0 = Debug|Any CPU
		{558D3FF9-06DF-4610-B048-6093DA07D064}.Release|Any CPU.ActiveCfg = Release|Any CPU
		{558D3FF9-06DF-4610-B048-6093DA07D064}.Release|Any CPU.Build.0 = Release|Any CPU
	EndGlobalSection
	GlobalSection(SolutionProperties) = preSolution
		HideSolutionNode = FALSE
	EndGlobalSection
	GlobalSection(ExtensibilityGlobals) = postSolution
		SolutionGuid = {98F8B304-0CE2-44D4-BEFE-98963BE412C2}
	EndGlobalSection
EndGlobal
